
Microsoft Visual Studio Solution File, Format Version 12.00
# Visual Studio Version 16
VisualStudioVersion = 16.0.30907.101
MinimumVisualStudioVersion = 10.0.40219.1
Project("{9A19103F-16F7-4668-BE54-9A1E7A4F7556}") = "DataBase", "PantryBEtest\DataBase.csproj", "{73731C24-8DE7-4226-B111-9BCCB4B17672}"
EndProject
Global
	GlobalSection(SolutionConfigurationPlatforms) = preSolution
		Debug|Any CPU = Debug|Any CPU
		Release|Any CPU = Release|Any CPU
	EndGlobalSection
	GlobalSection(ProjectConfigurationPlatforms) = postSolution
		{73731C24-8DE7-4226-B111-9BCCB4B17672}.Debug|Any CPU.ActiveCfg = Debug|Any CPU
		{73731C24-8DE7-4226-B111-9BCCB4B17672}.Debug|Any CPU.Build.0 = Debug|Any CPU
		{73731C24-8DE7-4226-B111-9BCCB4B17672}.Release|Any CPU.ActiveCfg = Release|Any CPU
		{73731C24-8DE7-4226-B111-9BCCB4B17672}.Release|Any CPU.Build.0 = Release|Any CPU
	EndGlobalSection
	GlobalSection(SolutionProperties) = preSolution
		HideSolutionNode = FALSE
	EndGlobalSection
	GlobalSection(ExtensibilityGlobals) = postSolution
		SolutionGuid = {F0082CFC-6583-4C4B-90AB-BB53112ACDDC}
	EndGlobalSection
EndGlobal
